
Microsoft Visual Studio Solution File, Format Version 12.00
# Visual Studio Version 16
VisualStudioVersion = 16.0.30204.135
MinimumVisualStudioVersion = 10.0.40219.1
Project("{FAE04EC0-301F-11D3-BF4B-00C04F79EFBC}") = "LinQProblems", "LinQProblems\LinQProblems.csproj", "{32B1287C-9F64-4FFD-990D-568C57B7253C}"
EndProject
Global
	GlobalSection(SolutionConfigurationPlatforms) = preSolution
		Debug|Any CPU = Debug|Any CPU
		Release|Any CPU = Release|Any CPU
	EndGlobalSection
	GlobalSection(ProjectConfigurationPlatforms) = postSolution
		{32B1287C-9F64-4FFD-990D-568C57B7253C}.Debug|Any CPU.ActiveCfg = Debug|Any CPU
		{32B1287C-9F64-4FFD-990D-568C57B7253C}.Debug|Any CPU.Build.0 = Debug|Any CPU
		{32B1287C-9F64-4FFD-990D-568C57B7253C}.Release|Any CPU.ActiveCfg = Release|Any CPU
		{32B1287C-9F64-4FFD-990D-568C57B7253C}.Release|Any CPU.Build.0 = Release|Any CPU
	EndGlobalSection
	GlobalSection(SolutionProperties) = preSolution
		HideSolutionNode = FALSE
	EndGlobalSection
	GlobalSection(ExtensibilityGlobals) = postSolution
		SolutionGuid = {BE973C93-B7A9-4F1C-BB11-9C8DD2B49D5E}
	EndGlobalSection
EndGlobal
